
Microsoft Visual Studio Solution File, Format Version 12.00
# Visual Studio Version 16
VisualStudioVersion = 16.0.31729.503
MinimumVisualStudioVersion = 10.0.40219.1
Project("{FAE04EC0-301F-11D3-BF4B-00C04F79EFBC}") = "AES_Coder", "AES_Coder\AES_Coder.csproj", "{0A35CE6B-1FE6-4147-A068-2B6994368AED}"
EndProject
Project("{FAE04EC0-301F-11D3-BF4B-00C04F79EFBC}") = "Business", "Business\Business.csproj", "{A5CD0D33-4408-4B3B-9860-120B77D0A6A3}"
EndProject
Global
	GlobalSection(SolutionConfigurationPlatforms) = preSolution
		Debug|Any CPU = Debug|Any CPU
		Release|Any CPU = Release|Any CPU
	EndGlobalSection
	GlobalSection(ProjectConfigurationPlatforms) = postSolution
		{0A35CE6B-1FE6-4147-A068-2B6994368AED}.Debug|Any CPU.ActiveCfg = Debug|Any CPU
		{0A35CE6B-1FE6-4147-A068-2B6994368AED}.Debug|Any CPU.Build.0 = Debug|Any CPU
		{0A35CE6B-1FE6-4147-A068-2B6994368AED}.Release|Any CPU.ActiveCfg = Release|Any CPU
		{0A35CE6B-1FE6-4147-A068-2B6994368AED}.Release|Any CPU.Build.0 = Release|Any CPU
		{A5CD0D33-4408-4B3B-9860-120B77D0A6A3}.Debug|Any CPU.ActiveCfg = Debug|Any CPU
		{A5CD0D33-4408-4B3B-9860-120B77D0A6A3}.Debug|Any CPU.Build.0 = Debug|Any CPU
		{A5CD0D33-4408-4B3B-9860-120B77D0A6A3}.Release|Any CPU.ActiveCfg = Release|Any CPU
		{A5CD0D33-4408-4B3B-9860-120B77D0A6A3}.Release|Any CPU.Build.0 = Release|Any CPU
	EndGlobalSection
	GlobalSection(SolutionProperties) = preSolution
		HideSolutionNode = FALSE
	EndGlobalSection
	GlobalSection(ExtensibilityGlobals) = postSolution
		SolutionGuid = {C82E2B82-954F-49B0-BF7D-48911810E45C}
	EndGlobalSection
EndGlobal
